Microsoft Visual Studio Solution File, Format Version 12.00
# Visual Studio Version 17
VisualStudioVersion = 17.5.2.0
MinimumVisualStudioVersion = 10.0.40219.1
Project("{FAE04EC0-301F-11D3-BF4B-00C04F79EFBC}") = "PayrollApp", "PayrollApp\PayrollApp.csproj", "{66E555DA-00E5-A626-22B0-4AA95F6833AA}"
EndProject
Global
	GlobalSection(SolutionConfigurationPlatforms) = preSolution
		Debug|Any CPU = Debug|Any CPU
		Release|Any CPU = Release|Any CPU
	EndGlobalSection
	GlobalSection(ProjectConfigurationPlatforms) = postSolution
		{66E555DA-00E5-A626-22B0-4AA95F6833AA}.Debug|Any CPU.ActiveCfg = Debug|Any CPU
		{66E555DA-00E5-A626-22B0-4AA95F6833AA}.Debug|Any CPU.Build.0 = Debug|Any CPU
		{66E555DA-00E5-A626-22B0-4AA95F6833AA}.Release|Any CPU.ActiveCfg = Release|Any CPU
		{66E555DA-00E5-A626-22B0-4AA95F6833AA}.Release|Any CPU.Build.0 = Release|Any CPU
	EndGlobalSection
	GlobalSection(SolutionProperties) = preSolution
		HideSolutionNode = FALSE
	EndGlobalSection
	GlobalSection(ExtensibilityGlobals) = postSolution
		SolutionGuid = {AE89DBB1-8FF4-4F32-AF29-3A6ADB16705A}
	EndGlobalSection
EndGlobal
